
Microsoft Visual Studio Solution File, Format Version 12.00
# Visual Studio Version 16
VisualStudioVersion = 16.0.33027.164
MinimumVisualStudioVersion = 10.0.40219.1
Project("{A07B5EB6-E848-4116-A8D0-A826331D98C6}") = "GasNetworkOutagesReporterService", "GasNetworkOutagesReporterService\GasNetworkOutagesReporterService.sfproj", "{DB5D77A6-C46E-467B-840F-CA9CFB951C88}"
EndProject
Project("{FAE04EC0-301F-11D3-BF4B-00C04F79EFBC}") = "Common", "Common\Common.csproj", "{98DB86B9-D072-46AE-94D9-977A46530F2A}"
EndProject
Project("{FAE04EC0-301F-11D3-BF4B-00C04F79EFBC}") = "GasNetworkOutstagesReporter.Api", "GasNetworkOutstagesReporter.Api\GasNetworkOutstagesReporter.Api.csproj", "{116BDD2C-9BDF-439F-B25D-8D9F3C7B25FE}"
EndProject
Project("{FAE04EC0-301F-11D3-BF4B-00C04F79EFBC}") = "ReportArchivatorService", "ReportArchivatorService\ReportArchivatorService.csproj", "{79416875-84CD-4450-ADBC-A80A3C41E242}"
EndProject
Project("{FAE04EC0-301F-11D3-BF4B-00C04F79EFBC}") = "ReportCreatorService", "ReportCreatorService\ReportCreatorService.csproj", "{1BDE532F-DE2A-49B0-9B85-17E90AC39322}"
EndProject
Project("{FAE04EC0-301F-11D3-BF4B-00C04F79EFBC}") = "EmailService", "EmailService\EmailService.csproj", "{77969B3F-486A-4FF3-8C0B-B92FBB2299BD}"
EndProject
Global
	GlobalSection(SolutionConfigurationPlatforms) = preSolution
		Debug|Any CPU = Debug|Any CPU
		Debug|x64 = Debug|x64
		Release|Any CPU = Release|Any CPU
		Release|x64 = Release|x64
	EndGlobalSection
	GlobalSection(ProjectConfigurationPlatforms) = postSolution
		{DB5D77A6-C46E-467B-840F-CA9CFB951C88}.Debug|Any CPU.ActiveCfg = Debug|x64
		{DB5D77A6-C46E-467B-840F-CA9CFB951C88}.Debug|x64.ActiveCfg = Debug|x64
		{DB5D77A6-C46E-467B-840F-CA9CFB951C88}.Debug|x64.Build.0 = Debug|x64
		{DB5D77A6-C46E-467B-840F-CA9CFB951C88}.Debug|x64.Deploy.0 = Debug|x64
		{DB5D77A6-C46E-467B-840F-CA9CFB951C88}.Release|Any CPU.ActiveCfg = Release|x64
		{DB5D77A6-C46E-467B-840F-CA9CFB951C88}.Release|x64.ActiveCfg = Release|x64
		{DB5D77A6-C46E-467B-840F-CA9CFB951C88}.Release|x64.Build.0 = Release|x64
		{DB5D77A6-C46E-467B-840F-CA9CFB951C88}.Release|x64.Deploy.0 = Release|x64
		{98DB86B9-D072-46AE-94D9-977A46530F2A}.Debug|Any CPU.ActiveCfg = Debug|Any CPU
		{98DB86B9-D072-46AE-94D9-977A46530F2A}.Debug|Any CPU.Build.0 = Debug|Any CPU
		{98DB86B9-D072-46AE-94D9-977A46530F2A}.Debug|x64.ActiveCfg = Debug|Any CPU
		{98DB86B9-D072-46AE-94D9-977A46530F2A}.Debug|x64.Build.0 = Debug|Any CPU
		{98DB86B9-D072-46AE-94D9-977A46530F2A}.Release|Any CPU.ActiveCfg = Release|Any CPU
		{98DB86B9-D072-46AE-94D9-977A46530F2A}.Release|Any CPU.Build.0 = Release|Any CPU
		{98DB86B9-D072-46AE-94D9-977A46530F2A}.Release|x64.ActiveCfg = Release|Any CPU
		{98DB86B9-D072-46AE-94D9-977A46530F2A}.Release|x64.Build.0 = Release|Any CPU
		{116BDD2C-9BDF-439F-B25D-8D9F3C7B25FE}.Debug|Any CPU.ActiveCfg = Debug|Any CPU
		{116BDD2C-9BDF-439F-B25D-8D9F3C7B25FE}.Debug|Any CPU.Build.0 = Debug|Any CPU
		{116BDD2C-9BDF-439F-B25D-8D9F3C7B25FE}.Debug|x64.ActiveCfg = Debug|Any CPU
		{116BDD2C-9BDF-439F-B25D-8D9F3C7B25FE}.Debug|x64.Build.0 = Debug|Any CPU
		{116BDD2C-9BDF-439F-B25D-8D9F3C7B25FE}.Release|Any CPU.ActiveCfg = Release|Any CPU
		{116BDD2C-9BDF-439F-B25D-8D9F3C7B25FE}.Release|Any CPU.Build.0 = Release|Any CPU
		{116BDD2C-9BDF-439F-B25D-8D9F3C7B25FE}.Release|x64.ActiveCfg = Release|Any CPU
		{116BDD2C-9BDF-439F-B25D-8D9F3C7B25FE}.Release|x64.Build.0 = Release|Any CPU
		{79416875-84CD-4450-ADBC-A80A3C41E242}.Debug|Any CPU.ActiveCfg = Debug|x64
		{79416875-84CD-4450-ADBC-A80A3C41E242}.Debug|x64.ActiveCfg = Debug|x64
		{79416875-84CD-4450-ADBC-A80A3C41E242}.Debug|x64.Build.0 = Debug|x64
		{79416875-84CD-4450-ADBC-A80A3C41E242}.Release|Any CPU.ActiveCfg = Release|x64
		{79416875-84CD-4450-ADBC-A80A3C41E242}.Release|x64.ActiveCfg = Release|x64
		{79416875-84CD-4450-ADBC-A80A3C41E242}.Release|x64.Build.0 = Release|x64
		{1BDE532F-DE2A-49B0-9B85-17E90AC39322}.Debug|Any CPU.ActiveCfg = Debug|x64
		{1BDE532F-DE2A-49B0-9B85-17E90AC39322}.Debug|x64.ActiveCfg = Debug|x64
		{1BDE532F-DE2A-49B0-9B85-17E90AC39322}.Debug|x64.Build.0 = Debug|x64
		{1BDE532F-DE2A-49B0-9B85-17E90AC39322}.Release|Any CPU.ActiveCfg = Release|x64
		{1BDE532F-DE2A-49B0-9B85-17E90AC39322}.Release|x64.ActiveCfg = Release|x64
		{1BDE532F-DE2A-49B0-9B85-17E90AC39322}.Release|x64.Build.0 = Release|x64
		{77969B3F-486A-4FF3-8C0B-B92FBB2299BD}.Debug|Any CPU.ActiveCfg = Debug|x64
		{77969B3F-486A-4FF3-8C0B-B92FBB2299BD}.Debug|x64.ActiveCfg = Debug|x64
		{77969B3F-486A-4FF3-8C0B-B92FBB2299BD}.Debug|x64.Build.0 = Debug|x64
		{77969B3F-486A-4FF3-8C0B-B92FBB2299BD}.Release|Any CPU.ActiveCfg = Release|x64
		{77969B3F-486A-4FF3-8C0B-B92FBB2299BD}.Release|x64.ActiveCfg = Release|x64
		{77969B3F-486A-4FF3-8C0B-B92FBB2299BD}.Release|x64.Build.0 = Release|x64
	EndGlobalSection
	GlobalSection(SolutionProperties) = preSolution
		HideSolutionNode = FALSE
	EndGlobalSection
	GlobalSection(ExtensibilityGlobals) = postSolution
		SolutionGuid = {EE3F31C2-AEF9-41B6-9AA6-4F6DEB0A8A4F}
	EndGlobalSection
EndGlobal
