
Microsoft Visual Studio Solution File, Format Version 12.00
# Visual Studio Version 16
VisualStudioVersion = 16.0.33423.256
MinimumVisualStudioVersion = 10.0.40219.1
Project("{A07B5EB6-E848-4116-A8D0-A826331D98C6}") = "GasOutagesReporteerService", "GasOutagesReporteerService\GasOutagesReporteerService.sfproj", "{4A318C26-B00D-4D3F-A3B7-4C8627EEB45B}"
EndProject
Project("{FAE04EC0-301F-11D3-BF4B-00C04F79EFBC}") = "SummaryService", "SummaryService\SummaryService.csproj", "{ADA2597E-7462-4B00-B5DA-CA2BF8B8EEE7}"
EndProject
Project("{FAE04EC0-301F-11D3-BF4B-00C04F79EFBC}") = "ModificatorReporterService", "ModificatorReporterService\ModificatorReporterService.csproj", "{01524FA1-1095-458F-96F5-A5AFDE532111}"
EndProject
Project("{FAE04EC0-301F-11D3-BF4B-00C04F79EFBC}") = "MailService", "MailService\MailService.csproj", "{2C7810AF-B217-490D-B107-F24373BD6AFA}"
EndProject
Project("{FAE04EC0-301F-11D3-BF4B-00C04F79EFBC}") = "PubSubService", "PubSubService\PubSubService.csproj", "{E070B166-E048-4D73-84CF-1A86260E2E2D}"
EndProject
Project("{FAE04EC0-301F-11D3-BF4B-00C04F79EFBC}") = "GasOutagesReporter.Api", "GasOutagesReporter.Api\GasOutagesReporter.Api.csproj", "{EF30703C-27DF-42BB-BFD9-841F5588BFA6}"
EndProject
Global
	GlobalSection(SolutionConfigurationPlatforms) = preSolution
		Debug|Any CPU = Debug|Any CPU
		Debug|x64 = Debug|x64
		Release|Any CPU = Release|Any CPU
		Release|x64 = Release|x64
	EndGlobalSection
	GlobalSection(ProjectConfigurationPlatforms) = postSolution
		{4A318C26-B00D-4D3F-A3B7-4C8627EEB45B}.Debug|Any CPU.ActiveCfg = Debug|x64
		{4A318C26-B00D-4D3F-A3B7-4C8627EEB45B}.Debug|x64.ActiveCfg = Debug|x64
		{4A318C26-B00D-4D3F-A3B7-4C8627EEB45B}.Debug|x64.Build.0 = Debug|x64
		{4A318C26-B00D-4D3F-A3B7-4C8627EEB45B}.Debug|x64.Deploy.0 = Debug|x64
		{4A318C26-B00D-4D3F-A3B7-4C8627EEB45B}.Release|Any CPU.ActiveCfg = Release|x64
		{4A318C26-B00D-4D3F-A3B7-4C8627EEB45B}.Release|x64.ActiveCfg = Release|x64
		{4A318C26-B00D-4D3F-A3B7-4C8627EEB45B}.Release|x64.Build.0 = Release|x64
		{4A318C26-B00D-4D3F-A3B7-4C8627EEB45B}.Release|x64.Deploy.0 = Release|x64
		{ADA2597E-7462-4B00-B5DA-CA2BF8B8EEE7}.Debug|Any CPU.ActiveCfg = Debug|x64
		{ADA2597E-7462-4B00-B5DA-CA2BF8B8EEE7}.Debug|x64.ActiveCfg = Debug|x64
		{ADA2597E-7462-4B00-B5DA-CA2BF8B8EEE7}.Debug|x64.Build.0 = Debug|x64
		{ADA2597E-7462-4B00-B5DA-CA2BF8B8EEE7}.Release|Any CPU.ActiveCfg = Release|x64
		{ADA2597E-7462-4B00-B5DA-CA2BF8B8EEE7}.Release|x64.ActiveCfg = Release|x64
		{ADA2597E-7462-4B00-B5DA-CA2BF8B8EEE7}.Release|x64.Build.0 = Release|x64
		{01524FA1-1095-458F-96F5-A5AFDE532111}.Debug|Any CPU.ActiveCfg = Debug|x64
		{01524FA1-1095-458F-96F5-A5AFDE532111}.Debug|x64.ActiveCfg = Debug|x64
		{01524FA1-1095-458F-96F5-A5AFDE532111}.Debug|x64.Build.0 = Debug|x64
		{01524FA1-1095-458F-96F5-A5AFDE532111}.Release|Any CPU.ActiveCfg = Release|x64
		{01524FA1-1095-458F-96F5-A5AFDE532111}.Release|x64.ActiveCfg = Release|x64
		{01524FA1-1095-458F-96F5-A5AFDE532111}.Release|x64.Build.0 = Release|x64
		{2C7810AF-B217-490D-B107-F24373BD6AFA}.Debug|Any CPU.ActiveCfg = Debug|x64
		{2C7810AF-B217-490D-B107-F24373BD6AFA}.Debug|x64.ActiveCfg = Debug|x64
		{2C7810AF-B217-490D-B107-F24373BD6AFA}.Debug|x64.Build.0 = Debug|x64
		{2C7810AF-B217-490D-B107-F24373BD6AFA}.Release|Any CPU.ActiveCfg = Release|x64
		{2C7810AF-B217-490D-B107-F24373BD6AFA}.Release|x64.ActiveCfg = Release|x64
		{2C7810AF-B217-490D-B107-F24373BD6AFA}.Release|x64.Build.0 = Release|x64
		{E070B166-E048-4D73-84CF-1A86260E2E2D}.Debug|Any CPU.ActiveCfg = Debug|x64
		{E070B166-E048-4D73-84CF-1A86260E2E2D}.Debug|x64.ActiveCfg = Debug|x64
		{E070B166-E048-4D73-84CF-1A86260E2E2D}.Debug|x64.Build.0 = Debug|x64
		{E070B166-E048-4D73-84CF-1A86260E2E2D}.Release|Any CPU.ActiveCfg = Release|x64
		{E070B166-E048-4D73-84CF-1A86260E2E2D}.Release|x64.ActiveCfg = Release|x64
		{E070B166-E048-4D73-84CF-1A86260E2E2D}.Release|x64.Build.0 = Release|x64
		{EF30703C-27DF-42BB-BFD9-841F5588BFA6}.Debug|Any CPU.ActiveCfg = Debug|Any CPU
		{EF30703C-27DF-42BB-BFD9-841F5588BFA6}.Debug|Any CPU.Build.0 = Debug|Any CPU
		{EF30703C-27DF-42BB-BFD9-841F5588BFA6}.Debug|x64.ActiveCfg = Debug|Any CPU
		{EF30703C-27DF-42BB-BFD9-841F5588BFA6}.Debug|x64.Build.0 = Debug|Any CPU
		{EF30703C-27DF-42BB-BFD9-841F5588BFA6}.Release|Any CPU.ActiveCfg = Release|Any CPU
		{EF30703C-27DF-42BB-BFD9-841F5588BFA6}.Release|Any CPU.Build.0 = Release|Any CPU
		{EF30703C-27DF-42BB-BFD9-841F5588BFA6}.Release|x64.ActiveCfg = Release|Any CPU
		{EF30703C-27DF-42BB-BFD9-841F5588BFA6}.Release|x64.Build.0 = Release|Any CPU
	EndGlobalSection
	GlobalSection(SolutionProperties) = preSolution
		HideSolutionNode = FALSE
	EndGlobalSection
	GlobalSection(ExtensibilityGlobals) = postSolution
		SolutionGuid = {11F9A300-096D-4C17-9207-31ED2401C924}
	EndGlobalSection
EndGlobal
